
Microsoft Visual Studio Solution File, Format Version 12.00
# Visual Studio Version 17
VisualStudioVersion = 17.13.35806.99 d17.13
MinimumVisualStudioVersion = 10.0.40219.1
Project("{FAE04EC0-301F-11D3-BF4B-00C04F79EFBC}") = "WebPiagetMatosNew", "WebPiagetMatosNew\WebPiagetMatosNew.csproj", "{972B5DB2-6E65-4D42-9864-F70EA9B6CCC1}"
EndProject
Global
	GlobalSection(SolutionConfigurationPlatforms) = preSolution
		Debug|Any CPU = Debug|Any CPU
		Release|Any CPU = Release|Any CPU
	EndGlobalSection
	GlobalSection(ProjectConfigurationPlatforms) = postSolution
		{972B5DB2-6E65-4D42-9864-F70EA9B6CCC1}.Debug|Any CPU.ActiveCfg = Debug|Any CPU
		{972B5DB2-6E65-4D42-9864-F70EA9B6CCC1}.Debug|Any CPU.Build.0 = Debug|Any CPU
		{972B5DB2-6E65-4D42-9864-F70EA9B6CCC1}.Release|Any CPU.ActiveCfg = Release|Any CPU
		{972B5DB2-6E65-4D42-9864-F70EA9B6CCC1}.Release|Any CPU.Build.0 = Release|Any CPU
	EndGlobalSection
	GlobalSection(SolutionProperties) = preSolution
		HideSolutionNode = FALSE
	EndGlobalSection
	GlobalSection(ExtensibilityGlobals) = postSolution
		SolutionGuid = {262C8EA4-2335-4DE7-8510-350A267FCBCC}
	EndGlobalSection
EndGlobal
